
Microsoft Visual Studio Solution File, Format Version 12.00
# Visual Studio Version 16
VisualStudioVersion = 16.0.30907.101
MinimumVisualStudioVersion = 10.0.40219.1
Project("{9A19103F-16F7-4668-BE54-9A1E7A4F7556}") = "ADOPM3_04_01", "ADOPM3_04_01\ADOPM3_04_01.csproj", "{8E1B92F0-0316-459B-8B3E-17E001F4CCEB}"
EndProject
Project("{9A19103F-16F7-4668-BE54-9A1E7A4F7556}") = "ADOPM3_04_02", "ADOPM3_04_02\ADOPM3_04_02.csproj", "{1C587B95-5D99-4579-A222-DCEA715650C7}"
EndProject
Project("{9A19103F-16F7-4668-BE54-9A1E7A4F7556}") = "ADOPM3_04_03", "ADOPM3_04_03\ADOPM3_04_03.csproj", "{BA3317E4-9E3F-4E0C-960A-7EF83D8F394B}"
EndProject
Project("{FAE04EC0-301F-11D3-BF4B-00C04F79EFBC}") = "ADOPM3_04_04", "ADOPM3_04_04\ADOPM3_04_04.csproj", "{13719694-49C6-428B-927A-8CBEEBE87095}"
EndProject
Project("{FAE04EC0-301F-11D3-BF4B-00C04F79EFBC}") = "ADOPM3_04_05", "ADOPM3_04_05\ADOPM3_04_05.csproj", "{4078FB02-2741-4261-B44C-1F90D367073A}"
EndProject
Project("{FAE04EC0-301F-11D3-BF4B-00C04F79EFBC}") = "ADOPM3_04_06", "ADOPM3_04_06\ADOPM3_04_06.csproj", "{28EB27EF-828A-4BB6-831A-C235F4E92BD8}"
EndProject
Project("{FAE04EC0-301F-11D3-BF4B-00C04F79EFBC}") = "ADOPM3_04_07", "ADOPM3_04_07\ADOPM3_04_07.csproj", "{7604CB8B-310C-4FC8-980B-5A6AB348F895}"
EndProject
Project("{FAE04EC0-301F-11D3-BF4B-00C04F79EFBC}") = "ADOPM3_04_08", "ADOPM3_04_08\ADOPM3_04_08.csproj", "{66D2FA52-4B8E-439B-A769-153498B9DD6A}"
EndProject
Project("{FAE04EC0-301F-11D3-BF4B-00C04F79EFBC}") = "ADOPM3_04_09", "ADOPM3_04_09\ADOPM3_04_09.csproj", "{385031FE-80E0-44A6-8A6B-30EE6565640E}"
EndProject
Project("{FAE04EC0-301F-11D3-BF4B-00C04F79EFBC}") = "ADOPM3_04_10", "ADOPM3_04_10\ADOPM3_04_10.csproj", "{3350E7AE-38C9-4009-ACC5-55DE580F7F02}"
EndProject
Project("{FAE04EC0-301F-11D3-BF4B-00C04F79EFBC}") = "ADOPM3_04_11", "ADOPM3_04_11\ADOPM3_04_11.csproj", "{77017C87-2CC1-415B-9994-A0FCF44208C2}"
EndProject
Global
	GlobalSection(SolutionConfigurationPlatforms) = preSolution
		Debug|Any CPU = Debug|Any CPU
		Release|Any CPU = Release|Any CPU
	EndGlobalSection
	GlobalSection(ProjectConfigurationPlatforms) = postSolution
		{8E1B92F0-0316-459B-8B3E-17E001F4CCEB}.Debug|Any CPU.ActiveCfg = Debug|Any CPU
		{8E1B92F0-0316-459B-8B3E-17E001F4CCEB}.Debug|Any CPU.Build.0 = Debug|Any CPU
		{8E1B92F0-0316-459B-8B3E-17E001F4CCEB}.Release|Any CPU.ActiveCfg = Release|Any CPU
		{8E1B92F0-0316-459B-8B3E-17E001F4CCEB}.Release|Any CPU.Build.0 = Release|Any CPU
		{1C587B95-5D99-4579-A222-DCEA715650C7}.Debug|Any CPU.ActiveCfg = Debug|Any CPU
		{1C587B95-5D99-4579-A222-DCEA715650C7}.Debug|Any CPU.Build.0 = Debug|Any CPU
		{1C587B95-5D99-4579-A222-DCEA715650C7}.Release|Any CPU.ActiveCfg = Release|Any CPU
		{1C587B95-5D99-4579-A222-DCEA715650C7}.Release|Any CPU.Build.0 = Release|Any CPU
		{BA3317E4-9E3F-4E0C-960A-7EF83D8F394B}.Debug|Any CPU.ActiveCfg = Debug|Any CPU
		{BA3317E4-9E3F-4E0C-960A-7EF83D8F394B}.Debug|Any CPU.Build.0 = Debug|Any CPU
		{BA3317E4-9E3F-4E0C-960A-7EF83D8F394B}.Release|Any CPU.ActiveCfg = Release|Any CPU
		{BA3317E4-9E3F-4E0C-960A-7EF83D8F394B}.Release|Any CPU.Build.0 = Release|Any CPU
		{13719694-49C6-428B-927A-8CBEEBE87095}.Debug|Any CPU.ActiveCfg = Debug|Any CPU
		{13719694-49C6-428B-927A-8CBEEBE87095}.Debug|Any CPU.Build.0 = Debug|Any CPU
		{13719694-49C6-428B-927A-8CBEEBE87095}.Release|Any CPU.ActiveCfg = Release|Any CPU
		{13719694-49C6-428B-927A-8CBEEBE87095}.Release|Any CPU.Build.0 = Release|Any CPU
		{4078FB02-2741-4261-B44C-1F90D367073A}.Debug|Any CPU.ActiveCfg = Debug|Any CPU
		{4078FB02-2741-4261-B44C-1F90D367073A}.Debug|Any CPU.Build.0 = Debug|Any CPU
		{4078FB02-2741-4261-B44C-1F90D367073A}.Release|Any CPU.ActiveCfg = Release|Any CPU
		{4078FB02-2741-4261-B44C-1F90D367073A}.Release|Any CPU.Build.0 = Release|Any CPU
		{28EB27EF-828A-4BB6-831A-C235F4E92BD8}.Debug|Any CPU.ActiveCfg = Debug|Any CPU
		{28EB27EF-828A-4BB6-831A-C235F4E92BD8}.Debug|Any CPU.Build.0 = Debug|Any CPU
		{28EB27EF-828A-4BB6-831A-C235F4E92BD8}.Release|Any CPU.ActiveCfg = Release|Any CPU
		{28EB27EF-828A-4BB6-831A-C235F4E92BD8}.Release|Any CPU.Build.0 = Release|Any CPU
		{7604CB8B-310C-4FC8-980B-5A6AB348F895}.Debug|Any CPU.ActiveCfg = Debug|Any CPU
		{7604CB8B-310C-4FC8-980B-5A6AB348F895}.Debug|Any CPU.Build.0 = Debug|Any CPU
		{7604CB8B-310C-4FC8-980B-5A6AB348F895}.Release|Any CPU.ActiveCfg = Release|Any CPU
		{7604CB8B-310C-4FC8-980B-5A6AB348F895}.Release|Any CPU.Build.0 = Release|Any CPU
		{66D2FA52-4B8E-439B-A769-153498B9DD6A}.Debug|Any CPU.ActiveCfg = Debug|Any CPU
		{66D2FA52-4B8E-439B-A769-153498B9DD6A}.Debug|Any CPU.Build.0 = Debug|Any CPU
		{66D2FA52-4B8E-439B-A769-153498B9DD6A}.Release|Any CPU.ActiveCfg = Release|Any CPU
		{66D2FA52-4B8E-439B-A769-153498B9DD6A}.Release|Any CPU.Build.0 = Release|Any CPU
		{385031FE-80E0-44A6-8A6B-30EE6565640E}.Debug|Any CPU.ActiveCfg = Debug|Any CPU
		{385031FE-80E0-44A6-8A6B-30EE6565640E}.Debug|Any CPU.Build.0 = Debug|Any CPU
		{385031FE-80E0-44A6-8A6B-30EE6565640E}.Release|Any CPU.ActiveCfg = Release|Any CPU
		{385031FE-80E0-44A6-8A6B-30EE6565640E}.Release|Any CPU.Build.0 = Release|Any CPU
		{3350E7AE-38C9-4009-ACC5-55DE580F7F02}.Debug|Any CPU.ActiveCfg = Debug|Any CPU
		{3350E7AE-38C9-4009-ACC5-55DE580F7F02}.Debug|Any CPU.Build.0 = Debug|Any CPU
		{3350E7AE-38C9-4009-ACC5-55DE580F7F02}.Release|Any CPU.ActiveCfg = Release|Any CPU
		{3350E7AE-38C9-4009-ACC5-55DE580F7F02}.Release|Any CPU.Build.0 = Release|Any CPU
		{77017C87-2CC1-415B-9994-A0FCF44208C2}.Debug|Any CPU.ActiveCfg = Debug|Any CPU
		{77017C87-2CC1-415B-9994-A0FCF44208C2}.Debug|Any CPU.Build.0 = Debug|Any CPU
		{77017C87-2CC1-415B-9994-A0FCF44208C2}.Release|Any CPU.ActiveCfg = Release|Any CPU
		{77017C87-2CC1-415B-9994-A0FCF44208C2}.Release|Any CPU.Build.0 = Release|Any CPU
	EndGlobalSection
	GlobalSection(SolutionProperties) = preSolution
		HideSolutionNode = FALSE
	EndGlobalSection
	GlobalSection(ExtensibilityGlobals) = postSolution
		SolutionGuid = {DC4EA4C1-546B-441F-9DB0-C5BAC360E4F8}
	EndGlobalSection
EndGlobal
